{
  "name": "nightcore-generator-web",
  "version": "1.0.0",
  "lockfileVersion": 1,
  "requires": true,
  "dependencies": {
    "ffmpeg.js": {
      "version": "3.1.9001",
      "resolved": "https://registry.npmjs.org/ffmpeg.js/-/ffmpeg.js-3.1.9001.tgz",
      "integrity": "sha1-NWm5kwJ2Z/7qIqKm3CsTUPu5+cE="
    }
  }
}
