{
  "name": "nightcore-generator-web",
  "version": "1.0.0",
  "lockfileVersion": 1,
  "requires": true,
  "dependencies": {
    "videoconverter": {
      "version": "0.1.0",
      "resolved": "https://registry.npmjs.org/videoconverter/-/videoconverter-0.1.0.tgz",
      "integrity": "sha1-C5iGxuOivvJyx3KnNchedhs0MFM="
    }
  }
}
